
Microsoft Visual Studio Solution File, Format Version 12.00
# Visual Studio Version 17
VisualStudioVersion = 17.10.35013.160
MinimumVisualStudioVersion = 10.0.40219.1
Project("{FAE04EC0-301F-11D3-BF4B-00C04F79EFBC}") = "Phan12_Polymorphism", "Phan12_Polymorphism.csproj", "{FE7CC515-9AF5-4A49-AA63-B19F3FB154A8}"
EndProject
Global
	GlobalSection(SolutionConfigurationPlatforms) = preSolution
		Debug|Any CPU = Debug|Any CPU
		Release|Any CPU = Release|Any CPU
	EndGlobalSection
	GlobalSection(ProjectConfigurationPlatforms) = postSolution
		{FE7CC515-9AF5-4A49-AA63-B19F3FB154A8}.Debug|Any CPU.ActiveCfg = Debug|Any CPU
		{FE7CC515-9AF5-4A49-AA63-B19F3FB154A8}.Debug|Any CPU.Build.0 = Debug|Any CPU
		{FE7CC515-9AF5-4A49-AA63-B19F3FB154A8}.Release|Any CPU.ActiveCfg = Release|Any CPU
		{FE7CC515-9AF5-4A49-AA63-B19F3FB154A8}.Release|Any CPU.Build.0 = Release|Any CPU
	EndGlobalSection
	GlobalSection(SolutionProperties) = preSolution
		HideSolutionNode = FALSE
	EndGlobalSection
	GlobalSection(ExtensibilityGlobals) = postSolution
		SolutionGuid = {1CC2DD7F-6F39-4BCF-B939-51978781F4BC}
	EndGlobalSection
EndGlobal
