
Microsoft Visual Studio Solution File, Format Version 12.00
# Visual Studio Version 17
VisualStudioVersion = 17.10.35013.160
MinimumVisualStudioVersion = 10.0.40219.1
Project("{FAE04EC0-301F-11D3-BF4B-00C04F79EFBC}") = "Phan4", "Phan4.csproj", "{FDEB3FAA-6BFF-4E74-AF4E-F6E815EE6060}"
EndProject
Global
	GlobalSection(SolutionConfigurationPlatforms) = preSolution
		Debug|Any CPU = Debug|Any CPU
		Release|Any CPU = Release|Any CPU
	EndGlobalSection
	GlobalSection(ProjectConfigurationPlatforms) = postSolution
		{FDEB3FAA-6BFF-4E74-AF4E-F6E815EE6060}.Debug|Any CPU.ActiveCfg = Debug|Any CPU
		{FDEB3FAA-6BFF-4E74-AF4E-F6E815EE6060}.Debug|Any CPU.Build.0 = Debug|Any CPU
		{FDEB3FAA-6BFF-4E74-AF4E-F6E815EE6060}.Release|Any CPU.ActiveCfg = Release|Any CPU
		{FDEB3FAA-6BFF-4E74-AF4E-F6E815EE6060}.Release|Any CPU.Build.0 = Release|Any CPU
	EndGlobalSection
	GlobalSection(SolutionProperties) = preSolution
		HideSolutionNode = FALSE
	EndGlobalSection
	GlobalSection(ExtensibilityGlobals) = postSolution
		SolutionGuid = {86C807F4-3A72-40E1-9C4D-B11825619A3F}
	EndGlobalSection
EndGlobal
