
Microsoft Visual Studio Solution File, Format Version 12.00
# Visual Studio Version 17
VisualStudioVersion = 17.10.35013.160
MinimumVisualStudioVersion = 10.0.40219.1
Project("{FAE04EC0-301F-11D3-BF4B-00C04F79EFBC}") = "Phan2", "Phan2.csproj", "{B7F09D2A-25AC-4143-8C00-C2455C939804}"
EndProject
Global
	GlobalSection(SolutionConfigurationPlatforms) = preSolution
		Debug|Any CPU = Debug|Any CPU
		Release|Any CPU = Release|Any CPU
	EndGlobalSection
	GlobalSection(ProjectConfigurationPlatforms) = postSolution
		{B7F09D2A-25AC-4143-8C00-C2455C939804}.Debug|Any CPU.ActiveCfg = Debug|Any CPU
		{B7F09D2A-25AC-4143-8C00-C2455C939804}.Debug|Any CPU.Build.0 = Debug|Any CPU
		{B7F09D2A-25AC-4143-8C00-C2455C939804}.Release|Any CPU.ActiveCfg = Release|Any CPU
		{B7F09D2A-25AC-4143-8C00-C2455C939804}.Release|Any CPU.Build.0 = Release|Any CPU
	EndGlobalSection
	GlobalSection(SolutionProperties) = preSolution
		HideSolutionNode = FALSE
	EndGlobalSection
	GlobalSection(ExtensibilityGlobals) = postSolution
		SolutionGuid = {BC15FFB1-F2B3-4AA7-AD9C-088197C738E4}
	EndGlobalSection
EndGlobal
